
Microsoft Visual Studio Solution File, Format Version 12.00
# Visual Studio 14
VisualStudioVersion = 14.0.25420.1
MinimumVisualStudioVersion = 10.0.40219.1
Project("{FAE04EC0-301F-11D3-BF4B-00C04F79EFBC}") = "Jagged_Arrays_Challenge", "Jagged_Arrays_Challenge\Jagged_Arrays_Challenge.csproj", "{6B691956-4FBA-4CD2-B87A-1A9F4A3B68EB}"
EndProject
Global
	GlobalSection(SolutionConfigurationPlatforms) = preSolution
		Debug|Any CPU = Debug|Any CPU
		Release|Any CPU = Release|Any CPU
	EndGlobalSection
	GlobalSection(ProjectConfigurationPlatforms) = postSolution
		{6B691956-4FBA-4CD2-B87A-1A9F4A3B68EB}.Debug|Any CPU.ActiveCfg = Debug|Any CPU
		{6B691956-4FBA-4CD2-B87A-1A9F4A3B68EB}.Debug|Any CPU.Build.0 = Debug|Any CPU
		{6B691956-4FBA-4CD2-B87A-1A9F4A3B68EB}.Release|Any CPU.ActiveCfg = Release|Any CPU
		{6B691956-4FBA-4CD2-B87A-1A9F4A3B68EB}.Release|Any CPU.Build.0 = Release|Any CPU
	EndGlobalSection
	GlobalSection(SolutionProperties) = preSolution
		HideSolutionNode = FALSE
	EndGlobalSection
EndGlobal
