
Microsoft Visual Studio Solution File, Format Version 12.00
# Visual Studio 14
VisualStudioVersion = 14.0.25420.1
MinimumVisualStudioVersion = 10.0.40219.1
Project("{FAE04EC0-301F-11D3-BF4B-00C04F79EFBC}") = "Enums_Challenge", "Enums_Challenge\Enums_Challenge.csproj", "{CFC9F2BD-B3EF-47E6-B34B-789286CDEE05}"
EndProject
Global
	GlobalSection(SolutionConfigurationPlatforms) = preSolution
		Debug|Any CPU = Debug|Any CPU
		Release|Any CPU = Release|Any CPU
	EndGlobalSection
	GlobalSection(ProjectConfigurationPlatforms) = postSolution
		{CFC9F2BD-B3EF-47E6-B34B-789286CDEE05}.Debug|Any CPU.ActiveCfg = Debug|Any CPU
		{CFC9F2BD-B3EF-47E6-B34B-789286CDEE05}.Debug|Any CPU.Build.0 = Debug|Any CPU
		{CFC9F2BD-B3EF-47E6-B34B-789286CDEE05}.Release|Any CPU.ActiveCfg = Release|Any CPU
		{CFC9F2BD-B3EF-47E6-B34B-789286CDEE05}.Release|Any CPU.Build.0 = Release|Any CPU
	EndGlobalSection
	GlobalSection(SolutionProperties) = preSolution
		HideSolutionNode = FALSE
	EndGlobalSection
EndGlobal
